Microsoft Visual Studio Solution File, Format Version 12.00
# Visual Studio 14
VisualStudioVersion = 14.0.22823.1
MinimumVisualStudioVersion = 10.0.40219.1
Project("{FAE04EC0-301F-11D3-BF4B-00C04F79EFBC}") = "PolymerTS", "PolymerTS\PolymerTS.csproj", "{427F1995-BEC9-4546-AB67-1DC5BC1A14A7}"
EndProject
Project("{FAE04EC0-301F-11D3-BF4B-00C04F79EFBC}") = "Test", "Test\Test.csproj", "{B1FC5320-C3B0-4224-8C90-9DB35561D7E7}"
	ProjectSection(ProjectDependencies) = postProject
		{427F1995-BEC9-4546-AB67-1DC5BC1A14A7} = {427F1995-BEC9-4546-AB67-1DC5BC1A14A7}
	EndProjectSection
EndProject
Global
	GlobalSection(SolutionConfigurationPlatforms) = preSolution
		Debug|Any CPU = Debug|Any CPU
		Release|Any CPU = Release|Any CPU
	EndGlobalSection
	GlobalSection(ProjectConfigurationPlatforms) = postSolution
		{427F1995-BEC9-4546-AB67-1DC5BC1A14A7}.Debug|Any CPU.ActiveCfg = Debug|Any CPU
		{427F1995-BEC9-4546-AB67-1DC5BC1A14A7}.Debug|Any CPU.Build.0 = Debug|Any CPU
		{427F1995-BEC9-4546-AB67-1DC5BC1A14A7}.Release|Any CPU.ActiveCfg = Release|Any CPU
		{427F1995-BEC9-4546-AB67-1DC5BC1A14A7}.Release|Any CPU.Build.0 = Release|Any CPU
		{B1FC5320-C3B0-4224-8C90-9DB35561D7E7}.Debug|Any CPU.ActiveCfg = Debug|Any CPU
		{B1FC5320-C3B0-4224-8C90-9DB35561D7E7}.Debug|Any CPU.Build.0 = Debug|Any CPU
		{B1FC5320-C3B0-4224-8C90-9DB35561D7E7}.Release|Any CPU.ActiveCfg = Release|Any CPU
		{B1FC5320-C3B0-4224-8C90-9DB35561D7E7}.Release|Any CPU.Build.0 = Release|Any CPU
	EndGlobalSection
	GlobalSection(SolutionProperties) = preSolution
		HideSolutionNode = FALSE
	EndGlobalSection
EndGlobal
